{
  "name": "sharpjs",
  "version": "1.0.0",
  "lockfileVersion": 1,
  "requires": true,
  "dependencies": {
    "quotation": {
      "version": "2.0.2",
      "resolved": "https://registry.npmjs.org/quotation/-/quotation-2.0.2.tgz",
      "integrity": "sha512-FeUlLe40ROXHVWLZkzmeR2PNYWdkvTXEXhW6FX8axRv1ODt8Gxed3APrE1Qb5i1n70ZzZGRmvs0jY3v/BRcJQQ=="
    },
    "string-math": {
      "version": "1.2.2",
      "resolved": "https://registry.npmjs.org/string-math/-/string-math-1.2.2.tgz",
      "integrity": "sha512-rfRZpMZbIy+0pepaW8iDCR+iW+GONxyi0jXfdyW4MgpFATH/Vlz+d3vt8UMu/a1RjA9xiejBDFayvTXzs/ROTw=="
    }
  }
}
